
Microsoft Visual Studio Solution File, Format Version 12.00
# Visual Studio Version 17
VisualStudioVersion = 17.8.34330.188
MinimumVisualStudioVersion = 10.0.40219.1
Project("{FAE04EC0-301F-11D3-BF4B-00C04F79EFBC}") = "Entity Framework CRUD", "Entity Framework CRUD\Entity Framework CRUD.csproj", "{7CEE46C0-015F-4C24-9325-F4B468101F5F}"
EndProject
Global
	GlobalSection(SolutionConfigurationPlatforms) = preSolution
		Debug|Any CPU = Debug|Any CPU
		Release|Any CPU = Release|Any CPU
	EndGlobalSection
	GlobalSection(ProjectConfigurationPlatforms) = postSolution
		{7CEE46C0-015F-4C24-9325-F4B468101F5F}.Debug|Any CPU.ActiveCfg = Debug|Any CPU
		{7CEE46C0-015F-4C24-9325-F4B468101F5F}.Debug|Any CPU.Build.0 = Debug|Any CPU
		{7CEE46C0-015F-4C24-9325-F4B468101F5F}.Release|Any CPU.ActiveCfg = Release|Any CPU
		{7CEE46C0-015F-4C24-9325-F4B468101F5F}.Release|Any CPU.Build.0 = Release|Any CPU
	EndGlobalSection
	GlobalSection(SolutionProperties) = preSolution
		HideSolutionNode = FALSE
	EndGlobalSection
	GlobalSection(ExtensibilityGlobals) = postSolution
		SolutionGuid = {D8E63160-B30D-46D3-9546-2ED6C0BFEBB1}
	EndGlobalSection
EndGlobal
